// !$*UTF8*$!
{
	archiveVersion = 1;
	classes = {
	};
	objectVersion = 56;
	objects = {

/* Begin PBXBuildFile section */
		8801AED22B6324E300622675 /* FrameworkGridViewModel.swift in Sources */ = {isa = PBXBuildFile; fileRef = 8801AED12B6324E300622675 /* FrameworkGridViewModel.swift */; };
		8801AED42B63313900622675 /* SafariView.swift in Sources */ = {isa = PBXBuildFile; fileRef = 8801AED32B63313900622675 /* SafariView.swift */; };
		881E509F2B61EB6F00C203ED /* Apple_frameworksApp.swift in Sources */ = {isa = PBXBuildFile; fileRef = 881E509E2B61EB6F00C203ED /* Apple_frameworksApp.swift */; };
		881E50A32B61EB7600C203ED /* Assets.xcassets in Resources */ = {isa = PBXBuildFile; fileRef = 881E50A22B61EB7600C203ED /* Assets.xcassets */; };
		881E50A72B61EB7600C203ED /* Preview Assets.xcassets in Resources */ = {isa = PBXBuildFile; fileRef = 881E50A62B61EB7600C203ED /* Preview Assets.xcassets */; };
		881E50CA2B61F71E00C203ED /* Framework.swift in Sources */ = {isa = PBXBuildFile; fileRef = 881E50C92B61F71E00C203ED /* Framework.swift */; };
		881E50CC2B61FB5100C203ED /* FrameworkGridView.swift in Sources */ = {isa = PBXBuildFile; fileRef = 881E50CB2B61FB5100C203ED /* FrameworkGridView.swift */; };
		881E50CE2B620DBA00C203ED /* FrameworkDetailView.swift in Sources */ = {isa = PBXBuildFile; fileRef = 881E50CD2B620DBA00C203ED /* FrameworkDetailView.swift */; };
		88F605FF2B630D2E00EDCAB7 /* AFButton.swift in Sources */ = {isa = PBXBuildFile; fileRef = 88F605FE2B630D2E00EDCAB7 /* AFButton.swift */; };
/* End PBXBuildFile section */

/* Begin PBXContainerItemProxy section */
		881E50AD2B61EB7600C203ED /* PBXContainerItemProxy */ = {
			isa = PBXContainerItemProxy;
			containerPortal = 881E50932B61EB6F00C203ED /* Project object */;
			proxyType = 1;
			remoteGlobalIDString = 881E509A2B61EB6F00C203ED;
			remoteInfo = "Apple-frameworks";
		};
		881E50B72B61EB7600C203ED /* PBXContainerItemProxy */ = {
			isa = PBXContainerItemProxy;
			containerPortal = 881E50932B61EB6F00C203ED /* Project object */;
			proxyType = 1;
			remoteGlobalIDString = 881E509A2B61EB6F00C203ED;
			remoteInfo = "Apple-frameworks";
		};
/* End PBXContainerItemProxy section */

/* Begin PBXFileReference section */
		8801AED12B6324E300622675 /* FrameworkGridViewModel.swift */ = {isa = PBXFileReference; lastKnownFileType = sourcecode.swift; path = FrameworkGridViewModel.swift; sourceTree = "<group>"; };
		8801AED32B63313900622675 /* SafariView.swift */ = {isa = PBXFileReference; lastKnownFileType = sourcecode.swift; path = SafariView.swift; sourceTree = "<group>"; };
		881E509B2B61EB6F00C203ED /* Apple-frameworks.app */ = {isa = PBXFileReference; explicitFileType = wrapper.application; includeInIndex = 0; path = "Apple-frameworks.app"; sourceTree = BUILT_PRODUCTS_DIR; };
		881E509E2B61EB6F00C203ED /* Apple_frameworksApp.swift */ = {isa = PBXFileReference; lastKnownFileType = sourcecode.swift; path = Apple_frameworksApp.swift; sourceTree = "<group>"; };
		881E50A22B61EB7600C203ED /* Assets.xcassets */ = {isa = PBXFileReference; lastKnownFileType = folder.assetcatalog; path = Assets.xcassets; sourceTree = "<group>"; };
		881E50A42B61EB7600C203ED /* Apple_frameworks.entitlements */ = {isa = PBXFileReference; lastKnownFileType = text.plist.entitlements; path = Apple_frameworks.entitlements; sourceTree = "<group>"; };
		881E50A62B61EB7600C203ED /* Preview Assets.xcassets */ = {isa = PBXFileReference; lastKnownFileType = folder.assetcatalog; path = "Preview Assets.xcassets"; sourceTree = "<group>"; };
		881E50AC2B61EB7600C203ED /* Apple-frameworksTests.xctest */ = {isa = PBXFileReference; explicitFileType = wrapper.cfbundle; includeInIndex = 0; path = "Apple-frameworksTests.xctest"; sourceTree = BUILT_PRODUCTS_DIR; };
		881E50B62B61EB7600C203ED /* Apple-frameworksUITests.xctest */ = {isa = PBXFileReference; explicitFileType = wrapper.cfbundle; includeInIndex = 0; path = "Apple-frameworksUITests.xctest"; sourceTree = BUILT_PRODUCTS_DIR; };
		881E50C92B61F71E00C203ED /* Framework.swift */ = {isa = PBXFileReference; lastKnownFileType = sourcecode.swift; path = Framework.swift; sourceTree = "<group>"; };
		881E50CB2B61FB5100C203ED /* FrameworkGridView.swift */ = {isa = PBXFileReference; lastKnownFileType = sourcecode.swift; path = FrameworkGridView.swift; sourceTree = "<group>"; };
		881E50CD2B620DBA00C203ED /* FrameworkDetailView.swift */ = {isa = PBXFileReference; lastKnownFileType = sourcecode.swift; path = FrameworkDetailView.swift; sourceTree = "<group>"; };
		88F605FE2B630D2E00EDCAB7 /* AFButton.swift */ = {isa = PBXFileReference; lastKnownFileType = sourcecode.swift; path = AFButton.swift; sourceTree = "<group>"; };
/* End PBXFileReference section */

/* Begin PBXFrameworksBuildPhase section */
		881E50982B61EB6F00C203ED /* Frameworks */ = {
			isa = PBXFrameworksBuildPhase;
			buildActionMask = 2147483647;
			files = (
			);
			runOnlyForDeploymentPostprocessing = 0;
		};
		881E50A92B61EB7600C203ED /* Frameworks */ = {
			isa = PBXFrameworksBuildPhase;
			buildActionMask = 2147483647;
			files = (
			);
			runOnlyForDeploymentPostprocessing = 0;
		};
		881E50B32B61EB7600C203ED /* Frameworks */ = {
			isa = PBXFrameworksBuildPhase;
			buildActionMask = 2147483647;
			files = (
			);
			runOnlyForDeploymentPostprocessing = 0;
		};
/* End PBXFrameworksBuildPhase section */

/* Begin PBXGroup section */
		881E50922B61EB6F00C203ED = {
			isa = PBXGroup;
			children = (
				881E509D2B61EB6F00C203ED /* Apple-frameworks */,
				881E509C2B61EB6F00C203ED /* Products */,
			);
			sourceTree = "<group>";
		};
		881E509C2B61EB6F00C203ED /* Products */ = {
			isa = PBXGroup;
			children = (
				881E509B2B61EB6F00C203ED /* Apple-frameworks.app */,
				881E50AC2B61EB7600C203ED /* Apple-frameworksTests.xctest */,
				881E50B62B61EB7600C203ED /* Apple-frameworksUITests.xctest */,
			);
			name = Products;
			sourceTree = "<group>";
		};
		881E509D2B61EB6F00C203ED /* Apple-frameworks */ = {
			isa = PBXGroup;
			children = (
				881E509E2B61EB6F00C203ED /* Apple_frameworksApp.swift */,
				881E50CB2B61FB5100C203ED /* FrameworkGridView.swift */,
				8801AED32B63313900622675 /* SafariView.swift */,
				881E50CD2B620DBA00C203ED /* FrameworkDetailView.swift */,
				88F605FE2B630D2E00EDCAB7 /* AFButton.swift */,
				881E50C92B61F71E00C203ED /* Framework.swift */,
				881E50A22B61EB7600C203ED /* Assets.xcassets */,
				881E50A42B61EB7600C203ED /* Apple_frameworks.entitlements */,
				881E50A52B61EB7600C203ED /* Preview Content */,
				8801AED12B6324E300622675 /* FrameworkGridViewModel.swift */,
			);
			path = "Apple-frameworks";
			sourceTree = "<group>";
		};
		881E50A52B61EB7600C203ED /* Preview Content */ = {
			isa = PBXGroup;
			children = (
				881E50A62B61EB7600C203ED /* Preview Assets.xcassets */,
			);
			path = "Preview Content";
			sourceTree = "<group>";
		};
/* End PBXGroup section */

/* Begin PBXNativeTarget section */
		881E509A2B61EB6F00C203ED /* Apple-frameworks */ = {
			isa = PBXNativeTarget;
			buildConfigurationList = 881E50C02B61EB7600C203ED /* Build configuration list for PBXNativeTarget "Apple-frameworks" */;
			buildPhases = (
				881E50972B61EB6F00C203ED /* Sources */,
				881E50982B61EB6F00C203ED /* Frameworks */,
				881E50992B61EB6F00C203ED /* Resources */,
			);
			buildRules = (
			);
			dependencies = (
			);
			name = "Apple-frameworks";
			productName = "Apple-frameworks";
			productReference = 881E509B2B61EB6F00C203ED /* Apple-frameworks.app */;
			productType = "com.apple.product-type.application";
		};
		881E50AB2B61EB7600C203ED /* Apple-frameworksTests */ = {
			isa = PBXNativeTarget;
			buildConfigurationList = 881E50C32B61EB7600C203ED /* Build configuration list for PBXNativeTarget "Apple-frameworksTests" */;
			buildPhases = (
				881E50A82B61EB7600C203ED /* Sources */,
				881E50A92B61EB7600C203ED /* Frameworks */,
				881E50AA2B61EB7600C203ED /* Resources */,
			);
			buildRules = (
			);
			dependencies = (
				881E50AE2B61EB7600C203ED /* PBXTargetDependency */,
			);
			name = "Apple-frameworksTests";
			productName = "Apple-frameworksTests";
			productReference = 881E50AC2B61EB7600C203ED /* Apple-frameworksTests.xctest */;
			productType = "com.apple.product-type.bundle.unit-test";
		};
		881E50B52B61EB7600C203ED /* Apple-frameworksUITests */ = {
			isa = PBXNativeTarget;
			buildConfigurationList = 881E50C62B61EB7600C203ED /* Build configuration list for PBXNativeTarget "Apple-frameworksUITests" */;
			buildPhases = (
				881E50B22B61EB7600C203ED /* Sources */,
				881E50B32B61EB7600C203ED /* Frameworks */,
				881E50B42B61EB7600C203ED /* Resources */,
			);
			buildRules = (
			);
			dependencies = (
				881E50B82B61EB7600C203ED /* PBXTargetDependency */,
			);
			name = "Apple-frameworksUITests";
			productName = "Apple-frameworksUITests";
			productReference = 881E50B62B61EB7600C203ED /* Apple-frameworksUITests.xctest */;
			productType = "com.apple.product-type.bundle.ui-testing";
		};
/* End PBXNativeTarget section */

/* Begin PBXProject section */
		881E50932B61EB6F00C203ED /* Project object */ = {
			isa = PBXProject;
			attributes = {
				BuildIndependentTargetsInParallel = 1;
				LastSwiftUpdateCheck = 1520;
				LastUpgradeCheck = 1520;
				TargetAttributes = {
					881E509A2B61EB6F00C203ED = {
						CreatedOnToolsVersion = 15.2;
					};
					881E50AB2B61EB7600C203ED = {
						CreatedOnToolsVersion = 15.2;
						TestTargetID = 881E509A2B61EB6F00C203ED;
					};
					881E50B52B61EB7600C203ED = {
						CreatedOnToolsVersion = 15.2;
						TestTargetID = 881E509A2B61EB6F00C203ED;
					};
				};
			};
			buildConfigurationList = 881E50962B61EB6F00C203ED /* Build configuration list for PBXProject "Apple-frameworks" */;
			compatibilityVersion = "Xcode 14.0";
			developmentRegion = en;
			hasScannedForEncodings = 0;
			knownRegions = (
				en,
				Base,
			);
			mainGroup = 881E50922B61EB6F00C203ED;
			productRefGroup = 881E509C2B61EB6F00C203ED /* Products */;
			projectDirPath = "";
			projectRoot = "";
			targets = (
				881E509A2B61EB6F00C203ED /* Apple-frameworks */,
				881E50AB2B61EB7600C203ED /* Apple-frameworksTests */,
				881E50B52B61EB7600C203ED /* Apple-frameworksUITests */,
			);
		};
/* End PBXProject section */

/* Begin PBXResourcesBuildPhase section */
		881E50992B61EB6F00C203ED /* Resources */ = {
			isa = PBXResourcesBuildPhase;
			buildActionMask = 2147483647;
			files = (
				881E50A72B61EB7600C203ED /* Preview Assets.xcassets in Resources */,
				881E50A32B61EB7600C203ED /* Assets.xcassets in Resources */,
			);
			runOnlyForDeploymentPostprocessing = 0;
		};
		881E50AA2B61EB7600C203ED /* Resources */ = {
			isa = PBXResourcesBuildPhase;
			buildActionMask = 2147483647;
			files = (
			);
			runOnlyForDeploymentPostprocessing = 0;
		};
		881E50B42B61EB7600C203ED /* Resources */ = {
			isa = PBXResourcesBuildPhase;
			buildActionMask = 2147483647;
			files = (
			);
			runOnlyForDeploymentPostprocessing = 0;
		};
/* End PBXResourcesBuildPhase section */

/* Begin PBXSourcesBuildPhase section */
		881E50972B61EB6F00C203ED /* Sources */ = {
			isa = PBXSourcesBuildPhase;
			buildActionMask = 2147483647;
			files = (
				881E50CE2B620DBA00C203ED /* FrameworkDetailView.swift in Sources */,
				881E50CC2B61FB5100C203ED /* FrameworkGridView.swift in Sources */,
				881E509F2B61EB6F00C203ED /* Apple_frameworksApp.swift in Sources */,
				88F605FF2B630D2E00EDCAB7 /* AFButton.swift in Sources */,
				881E50CA2B61F71E00C203ED /* Framework.swift in Sources */,
				8801AED22B6324E300622675 /* FrameworkGridViewModel.swift in Sources */,
				8801AED42B63313900622675 /* SafariView.swift in Sources */,
			);
			runOnlyForDeploymentPostprocessing = 0;
		};
		881E50A82B61EB7600C203ED /* Sources */ = {
			isa = PBXSourcesBuildPhase;
			buildActionMask = 2147483647;
			files = (
			);
			runOnlyForDeploymentPostprocessing = 0;
		};
		881E50B22B61EB7600C203ED /* Sources */ = {
			isa = PBXSourcesBuildPhase;
			buildActionMask = 2147483647;
			files = (
			);
			runOnlyForDeploymentPostprocessing = 0;
		};
/* End PBXSourcesBuildPhase section */

/* Begin PBXTargetDependency section */
		881E50AE2B61EB7600C203ED /* PBXTargetDependency */ = {
			isa = PBXTargetDependency;
			target = 881E509A2B61EB6F00C203ED /* Apple-frameworks */;
			targetProxy = 881E50AD2B61EB7600C203ED /* PBXContainerItemProxy */;
		};
		881E50B82B61EB7600C203ED /* PBXTargetDependency */ = {
			isa = PBXTargetDependency;
			target = 881E509A2B61EB6F00C203ED /* Apple-frameworks */;
			targetProxy = 881E50B72B61EB7600C203ED /* PBXContainerItemProxy */;
		};
/* End PBXTargetDependency section */

/* Begin XCBuildConfiguration section */
		881E50BE2B61EB7600C203ED /* Debug */ = {
			isa = XCBuildConfiguration;
			buildSettings = {
				ALWAYS_SEARCH_USER_PATHS = NO;
				ASSETCATALOG_COMPILER_GENERATE_SWIFT_ASSET_SYMBOL_EXTENSIONS = YES;
				CLANG_ANALYZER_NONNULL = YES;
				CLANG_ANALYZER_NUMBER_OBJECT_CONVERSION = YES_AGGRESSIVE;
				CLANG_CXX_LANGUAGE_STANDARD = "gnu++20";
				CLANG_ENABLE_MODULES = YES;
				CLANG_ENABLE_OBJC_ARC = YES;
				CLANG_ENABLE_OBJC_WEAK = YES;
				CLANG_WARN_BLOCK_CAPTURE_AUTORELEASING = YES;
				CLANG_WARN_BOOL_CONVERSION = YES;
				CLANG_WARN_COMMA = YES;
				CLANG_WARN_CONSTANT_CONVERSION = YES;
				CLANG_WARN_DEPRECATED_OBJC_IMPLEMENTATIONS = YES;
				CLANG_WARN_DIRECT_OBJC_ISA_USAGE = YES_ERROR;
				CLANG_WARN_DOCUMENTATION_COMMENTS = YES;
				CLANG_WARN_EMPTY_BODY = YES;
				CLANG_WARN_ENUM_CONVERSION = YES;
				CLANG_WARN_INFINITE_RECURSION = YES;
				CLANG_WARN_INT_CONVERSION = YES;
				CLANG_WARN_NON_LITERAL_NULL_CONVERSION = YES;
				CLANG_WARN_OBJC_IMPLICIT_RETAIN_SELF = YES;
				CLANG_WARN_OBJC_LITERAL_CONVERSION = YES;
				CLANG_WARN_OBJC_ROOT_CLASS = YES_ERROR;
				CLANG_WARN_QUOTED_INCLUDE_IN_FRAMEWORK_HEADER = YES;
				CLANG_WARN_RANGE_LOOP_ANALYSIS = YES;
				CLANG_WARN_STRICT_PROTOTYPES = YES;
				CLANG_WARN_SUSPICIOUS_MOVE = YES;
				CLANG_WARN_UNGUARDED_AVAILABILITY = YES_AGGRESSIVE;
				CLANG_WARN_UNREACHABLE_CODE = YES;
				CLANG_WARN__DUPLICATE_METHOD_MATCH = YES;
				COPY_PHASE_STRIP = NO;
				DEBUG_INFORMATION_FORMAT = dwarf;
				ENABLE_STRICT_OBJC_MSGSEND = YES;
				ENABLE_TESTABILITY = YES;
				ENABLE_USER_SCRIPT_SANDBOXING = YES;
				GCC_C_LANGUAGE_STANDARD = gnu17;
				GCC_DYNAMIC_NO_PIC = NO;
				GCC_NO_COMMON_BLOCKS = YES;
				GCC_OPTIMIZATION_LEVEL = 0;
				GCC_PREPROCESSOR_DEFINITIONS = (
					"DEBUG=1",
					"$(inherited)",
				);
				GCC_WARN_64_TO_32_BIT_CONVERSION = YES;
				GCC_WARN_ABOUT_RETURN_TYPE = YES_ERROR;
				GCC_WARN_UNDECLARED_SELECTOR = YES;
				GCC_WARN_UNINITIALIZED_AUTOS = YES_AGGRESSIVE;
				GCC_WARN_UNUSED_FUNCTION = YES;
				GCC_WARN_UNUSED_VARIABLE = YES;
				LOCALIZATION_PREFERS_STRING_CATALOGS = YES;
				MTL_ENABLE_DEBUG_INFO = INCLUDE_SOURCE;
				MTL_FAST_MATH = YES;
				ONLY_ACTIVE_ARCH = YES;
				SWIFT_ACTIVE_COMPILATION_CONDITIONS = "DEBUG $(inherited)";
				SWIFT_OPTIMIZATION_LEVEL = "-Onone";
			};
			name = Debug;
		};
		881E50BF2B61EB7600C203ED /* Release */ = {
			isa = XCBuildConfiguration;
			buildSettings = {
				ALWAYS_SEARCH_USER_PATHS = NO;
				ASSETCATALOG_COMPILER_GENERATE_SWIFT_ASSET_SYMBOL_EXTENSIONS = YES;
				CLANG_ANALYZER_NONNULL = YES;
				CLANG_ANALYZER_NUMBER_OBJECT_CONVERSION = YES_AGGRESSIVE;
				CLANG_CXX_LANGUAGE_STANDARD = "gnu++20";
				CLANG_ENABLE_MODULES = YES;
				CLANG_ENABLE_OBJC_ARC = YES;
				CLANG_ENABLE_OBJC_WEAK = YES;
				CLANG_WARN_BLOCK_CAPTURE_AUTORELEASING = YES;
				CLANG_WARN_BOOL_CONVERSION = YES;
				CLANG_WARN_COMMA = YES;
				CLANG_WARN_CONSTANT_CONVERSION = YES;
				CLANG_WARN_DEPRECATED_OBJC_IMPLEMENTATIONS = YES;
				CLANG_WARN_DIRECT_OBJC_ISA_USAGE = YES_ERROR;
				CLANG_WARN_DOCUMENTATION_COMMENTS = YES;
				CLANG_WARN_EMPTY_BODY = YES;
				CLANG_WARN_ENUM_CONVERSION = YES;
				CLANG_WARN_INFINITE_RECURSION = YES;
				CLANG_WARN_INT_CONVERSION = YES;
				CLANG_WARN_NON_LITERAL_NULL_CONVERSION = YES;
				CLANG_WARN_OBJC_IMPLICIT_RETAIN_SELF = YES;
				CLANG_WARN_OBJC_LITERAL_CONVERSION = YES;
				CLANG_WARN_OBJC_ROOT_CLASS = YES_ERROR;
				CLANG_WARN_QUOTED_INCLUDE_IN_FRAMEWORK_HEADER = YES;
				CLANG_WARN_RANGE_LOOP_ANALYSIS = YES;
				CLANG_WARN_STRICT_PROTOTYPES = YES;
				CLANG_WARN_SUSPICIOUS_MOVE = YES;
				CLANG_WARN_UNGUARDED_AVAILABILITY = YES_AGGRESSIVE;
				CLANG_WARN_UNREACHABLE_CODE = YES;
				CLANG_WARN__DUPLICATE_METHOD_MATCH = YES;
				COPY_PHASE_STRIP = NO;
				DEBUG_INFORMATION_FORMAT = "dwarf-with-dsym";
				ENABLE_NS_ASSERTIONS = NO;
				ENABLE_STRICT_OBJC_MSGSEND = YES;
				ENABLE_USER_SCRIPT_SANDBOXING = YES;
				GCC_C_LANGUAGE_STANDARD = gnu17;
				GCC_NO_COMMON_BLOCKS = YES;
				GCC_WARN_64_TO_32_BIT_CONVERSION = YES;
				GCC_WARN_ABOUT_RETURN_TYPE = YES_ERROR;
				GCC_WARN_UNDECLARED_SELECTOR = YES;
				GCC_WARN_UNINITIALIZED_AUTOS = YES_AGGRESSIVE;
				GCC_WARN_UNUSED_FUNCTION = YES;
				GCC_WARN_UNUSED_VARIABLE = YES;
				LOCALIZATION_PREFERS_STRING_CATALOGS = YES;
				MTL_ENABLE_DEBUG_INFO = NO;
				MTL_FAST_MATH = YES;
				SWIFT_COMPILATION_MODE = wholemodule;
			};
			name = Release;
		};
		881E50C12B61EB7600C203ED /* Debug */ = {
			isa = XCBuildConfiguration;
			buildSettings = {
				ASSETCATALOG_COMPILER_APPICON_NAME = AppIcon;
				ASSETCATALOG_COMPILER_GLOBAL_ACCENT_COLOR_NAME = AccentColor;
				CODE_SIGN_ENTITLEMENTS = "Apple-frameworks/Apple_frameworks.entitlements";
				CODE_SIGN_STYLE = Automatic;
				CURRENT_PROJECT_VERSION = 1;
				DEVELOPMENT_ASSET_PATHS = "\"Apple-frameworks/Preview Content\"";
				ENABLE_PREVIEWS = YES;
				GENERATE_INFOPLIST_FILE = YES;
				"INFOPLIST_KEY_UIApplicationSceneManifest_Generation[sdk=iphoneos*]" = YES;
				"INFOPLIST_KEY_UIApplicationSceneManifest_Generation[sdk=iphonesimulator*]" = YES;
				"INFOPLIST_KEY_UIApplicationSupportsIndirectInputEvents[sdk=iphoneos*]" = YES;
				"INFOPLIST_KEY_UIApplicationSupportsIndirectInputEvents[sdk=iphonesimulator*]" = YES;
				"INFOPLIST_KEY_UILaunchScreen_Generation[sdk=iphoneos*]" = YES;
				"INFOPLIST_KEY_UILaunchScreen_Generation[sdk=iphonesimulator*]" = YES;
				"INFOPLIST_KEY_UIStatusBarStyle[sdk=iphoneos*]" = UIStatusBarStyleDefault;
				"INFOPLIST_KEY_UIStatusBarStyle[sdk=iphonesimulator*]" = UIStatusBarStyleDefault;
				INFOPLIST_KEY_UISupportedInterfaceOrientations_iPad = "UIInterfaceOrientationPortrait UIInterfaceOrientationPortraitUpsideDown UIInterfaceOrientationLandscapeLeft UIInterfaceOrientationLandscapeRight";
				INFOPLIST_KEY_UISupportedInterfaceOrientations_iPhone = "UIInterfaceOrientationPortrait UIInterfaceOrientationLandscapeLeft UIInterfaceOrientationLandscapeRight";
				IPHONEOS_DEPLOYMENT_TARGET = 17.2;
				LD_RUNPATH_SEARCH_PATHS = "@executable_path/Frameworks";
				"LD_RUNPATH_SEARCH_PATHS[sdk=macosx*]" = "@executable_path/../Frameworks";
				MACOSX_DEPLOYMENT_TARGET = 13.6;
				MARKETING_VERSION = 1.0;
				PRODUCT_BUNDLE_IDENTIFIER = "codevibe.Apple-frameworks";
				PRODUCT_NAME = "$(TARGET_NAME)";
				SDKROOT = auto;
				SUPPORTED_PLATFORMS = "iphoneos iphonesimulator macosx";
				SWIFT_EMIT_LOC_STRINGS = YES;
				SWIFT_VERSION = 5.0;
				TARGETED_DEVICE_FAMILY = "1,2";
			};
			name = Debug;
		};
		881E50C22B61EB7600C203ED /* Release */ = {
			isa = XCBuildConfiguration;
			buildSettings = {
				ASSETCATALOG_COMPILER_APPICON_NAME = AppIcon;
				ASSETCATALOG_COMPILER_GLOBAL_ACCENT_COLOR_NAME = AccentColor;
				CODE_SIGN_ENTITLEMENTS = "Apple-frameworks/Apple_frameworks.entitlements";
				CODE_SIGN_STYLE = Automatic;
				CURRENT_PROJECT_VERSION = 1;
				DEVELOPMENT_ASSET_PATHS = "\"Apple-frameworks/Preview Content\"";
				ENABLE_PREVIEWS = YES;
				GENERATE_INFOPLIST_FILE = YES;
				"INFOPLIST_KEY_UIApplicationSceneManifest_Generation[sdk=iphoneos*]" = YES;
				"INFOPLIST_KEY_UIApplicationSceneManifest_Generation[sdk=iphonesimulator*]" = YES;
				"INFOPLIST_KEY_UIApplicationSupportsIndirectInputEvents[sdk=iphoneos*]" = YES;
				"INFOPLIST_KEY_UIApplicationSupportsIndirectInputEvents[sdk=iphonesimulator*]" = YES;
				"INFOPLIST_KEY_UILaunchScreen_Generation[sdk=iphoneos*]" = YES;
				"INFOPLIST_KEY_UILaunchScreen_Generation[sdk=iphonesimulator*]" = YES;
				"INFOPLIST_KEY_UIStatusBarStyle[sdk=iphoneos*]" = UIStatusBarStyleDefault;
				"INFOPLIST_KEY_UIStatusBarStyle[sdk=iphonesimulator*]" = UIStatusBarStyleDefault;
				INFOPLIST_KEY_UISupportedInterfaceOrientations_iPad = "UIInterfaceOrientationPortrait UIInterfaceOrientationPortraitUpsideDown UIInterfaceOrientationLandscapeLeft UIInterfaceOrientationLandscapeRight";
				INFOPLIST_KEY_UISupportedInterfaceOrientations_iPhone = "UIInterfaceOrientationPortrait UIInterfaceOrientationLandscapeLeft UIInterfaceOrientationLandscapeRight";
				IPHONEOS_DEPLOYMENT_TARGET = 17.2;
				LD_RUNPATH_SEARCH_PATHS = "@executable_path/Frameworks";
				"LD_RUNPATH_SEARCH_PATHS[sdk=macosx*]" = "@executable_path/../Frameworks";
				MACOSX_DEPLOYMENT_TARGET = 13.6;
				MARKETING_VERSION = 1.0;
				PRODUCT_BUNDLE_IDENTIFIER = "codevibe.Apple-frameworks";
				PRODUCT_NAME = "$(TARGET_NAME)";
				SDKROOT = auto;
				SUPPORTED_PLATFORMS = "iphoneos iphonesimulator macosx";
				SWIFT_EMIT_LOC_STRINGS = YES;
				SWIFT_VERSION = 5.0;
				TARGETED_DEVICE_FAMILY = "1,2";
			};
			name = Release;
		};
		881E50C42B61EB7600C203ED /* Debug */ = {
			isa = XCBuildConfiguration;
			buildSettings = {
				ALWAYS_EMBED_SWIFT_STANDARD_LIBRARIES = YES;
				BUNDLE_LOADER = "$(TEST_HOST)";
				CODE_SIGN_STYLE = Automatic;
				CURRENT_PROJECT_VERSION = 1;
				GENERATE_INFOPLIST_FILE = YES;
				IPHONEOS_DEPLOYMENT_TARGET = 17.2;
				MACOSX_DEPLOYMENT_TARGET = 13.6;
				MARKETING_VERSION = 1.0;
				PRODUCT_BUNDLE_IDENTIFIER = "codevibe.Apple-frameworksTests";
				PRODUCT_NAME = "$(TARGET_NAME)";
				SDKROOT = auto;
				SUPPORTED_PLATFORMS = "iphoneos iphonesimulator macosx";
				SWIFT_EMIT_LOC_STRINGS = NO;
				SWIFT_VERSION = 5.0;
				TARGETED_DEVICE_FAMILY = "1,2";
				TEST_HOST = "$(BUILT_PRODUCTS_DIR)/Apple-frameworks.app/$(BUNDLE_EXECUTABLE_FOLDER_PATH)/Apple-frameworks";
			};
			name = Debug;
		};
		881E50C52B61EB7600C203ED /* Release */ = {
			isa = XCBuildConfiguration;
			buildSettings = {
				ALWAYS_EMBED_SWIFT_STANDARD_LIBRARIES = YES;
				BUNDLE_LOADER = "$(TEST_HOST)";
				CODE_SIGN_STYLE = Automatic;
				CURRENT_PROJECT_VERSION = 1;
				GENERATE_INFOPLIST_FILE = YES;
				IPHONEOS_DEPLOYMENT_TARGET = 17.2;
				MACOSX_DEPLOYMENT_TARGET = 13.6;
				MARKETING_VERSION = 1.0;
				PRODUCT_BUNDLE_IDENTIFIER = "codevibe.Apple-frameworksTests";
				PRODUCT_NAME = "$(TARGET_NAME)";
				SDKROOT = auto;
				SUPPORTED_PLATFORMS = "iphoneos iphonesimulator macosx";
				SWIFT_EMIT_LOC_STRINGS = NO;
				SWIFT_VERSION = 5.0;
				TARGETED_DEVICE_FAMILY = "1,2";
				TEST_HOST = "$(BUILT_PRODUCTS_DIR)/Apple-frameworks.app/$(BUNDLE_EXECUTABLE_FOLDER_PATH)/Apple-frameworks";
			};
			name = Release;
		};
		881E50C72B61EB7600C203ED /* Debug */ = {
			isa = XCBuildConfiguration;
			buildSettings = {
				ALWAYS_EMBED_SWIFT_STANDARD_LIBRARIES = YES;
				CODE_SIGN_STYLE = Automatic;
				CURRENT_PROJECT_VERSION = 1;
				GENERATE_INFOPLIST_FILE = YES;
				IPHONEOS_DEPLOYMENT_TARGET = 17.2;
				MACOSX_DEPLOYMENT_TARGET = 13.6;
				MARKETING_VERSION = 1.0;
				PRODUCT_BUNDLE_IDENTIFIER = "codevibe.Apple-frameworksUITests";
				PRODUCT_NAME = "$(TARGET_NAME)";
				SDKROOT = auto;
				SUPPORTED_PLATFORMS = "iphoneos iphonesimulator macosx";
				SWIFT_EMIT_LOC_STRINGS = NO;
				SWIFT_VERSION = 5.0;
				TARGETED_DEVICE_FAMILY = "1,2";
				TEST_TARGET_NAME = "Apple-frameworks";
			};
			name = Debug;
		};
		881E50C82B61EB7600C203ED /* Release */ = {
			isa = XCBuildConfiguration;
			buildSettings = {
				ALWAYS_EMBED_SWIFT_STANDARD_LIBRARIES = YES;
				CODE_SIGN_STYLE = Automatic;
				CURRENT_PROJECT_VERSION = 1;
				GENERATE_INFOPLIST_FILE = YES;
				IPHONEOS_DEPLOYMENT_TARGET = 17.2;
				MACOSX_DEPLOYMENT_TARGET = 13.6;
				MARKETING_VERSION = 1.0;
				PRODUCT_BUNDLE_IDENTIFIER = "codevibe.Apple-frameworksUITests";
				PRODUCT_NAME = "$(TARGET_NAME)";
				SDKROOT = auto;
				SUPPORTED_PLATFORMS = "iphoneos iphonesimulator macosx";
				SWIFT_EMIT_LOC_STRINGS = NO;
				SWIFT_VERSION = 5.0;
				TARGETED_DEVICE_FAMILY = "1,2";
				TEST_TARGET_NAME = "Apple-frameworks";
			};
			name = Release;
		};
/* End XCBuildConfiguration section */

/* Begin XCConfigurationList section */
		881E50962B61EB6F00C203ED /* Build configuration list for PBXProject "Apple-frameworks" */ = {
			isa = XCConfigurationList;
			buildConfigurations = (
				881E50BE2B61EB7600C203ED /* Debug */,
				881E50BF2B61EB7600C203ED /* Release */,
			);
			defaultConfigurationIsVisible = 0;
			defaultConfigurationName = Release;
		};
		881E50C02B61EB7600C203ED /* Build configuration list for PBXNativeTarget "Apple-frameworks" */ = {
			isa = XCConfigurationList;
			buildConfigurations = (
				881E50C12B61EB7600C203ED /* Debug */,
				881E50C22B61EB7600C203ED /* Release */,
			);
			defaultConfigurationIsVisible = 0;
			defaultConfigurationName = Release;
		};
		881E50C32B61EB7600C203ED /* Build configuration list for PBXNativeTarget "Apple-frameworksTests" */ = {
			isa = XCConfigurationList;
			buildConfigurations = (
				881E50C42B61EB7600C203ED /* Debug */,
				881E50C52B61EB7600C203ED /* Release */,
			);
			defaultConfigurationIsVisible = 0;
			defaultConfigurationName = Release;
		};
		881E50C62B61EB7600C203ED /* Build configuration list for PBXNativeTarget "Apple-frameworksUITests" */ = {
			isa = XCConfigurationList;
			buildConfigurations = (
				881E50C72B61EB7600C203ED /* Debug */,
				881E50C82B61EB7600C203ED /* Release */,
			);
			defaultConfigurationIsVisible = 0;
			defaultConfigurationName = Release;
		};
/* End XCConfigurationList section */
	};
	rootObject = 881E50932B61EB6F00C203ED /* Project object */;
}
